
Microsoft Visual Studio Solution File, Format Version 12.00
# Visual Studio Version 17
VisualStudioVersion = 17.3.32929.385
MinimumVisualStudioVersion = 10.0.40219.1
Project("{FAE04EC0-301F-11D3-BF4B-00C04F79EFBC}") = "ToyShopV2", "ToyShopV2\ToyShopV2.csproj", "{C2D6A539-39FC-4B1E-B810-6E606A3CB839}"
EndProject
Global
	GlobalSection(SolutionConfigurationPlatforms) = preSolution
		Debug|Any CPU = Debug|Any CPU
		Release|Any CPU = Release|Any CPU
	EndGlobalSection
	GlobalSection(ProjectConfigurationPlatforms) = postSolution
		{C2D6A539-39FC-4B1E-B810-6E606A3CB839}.Debug|Any CPU.ActiveCfg = Debug|Any CPU
		{C2D6A539-39FC-4B1E-B810-6E606A3CB839}.Debug|Any CPU.Build.0 = Debug|Any CPU
		{C2D6A539-39FC-4B1E-B810-6E606A3CB839}.Release|Any CPU.ActiveCfg = Release|Any CPU
		{C2D6A539-39FC-4B1E-B810-6E606A3CB839}.Release|Any CPU.Build.0 = Release|Any CPU
	EndGlobalSection
	GlobalSection(SolutionProperties) = preSolution
		HideSolutionNode = FALSE
	EndGlobalSection
	GlobalSection(ExtensibilityGlobals) = postSolution
		SolutionGuid = {F24A1DE1-8A76-4C4F-8A06-EADBF6921771}
	EndGlobalSection
EndGlobal
